
Microsoft Visual Studio Solution File, Format Version 12.00
# Visual Studio 14
VisualStudioVersion = 14.0.25420.1
MinimumVisualStudioVersion = 10.0.40219.1
Project("{FAE04EC0-301F-11D3-BF4B-00C04F79EFBC}") = "VerificaIMC", "VerificaIMC\VerificaIMC\VerificaIMC.csproj", "{BEE2593A-8B10-47EC-897D-4F3B097D7168}"
EndProject
Project("{FAE04EC0-301F-11D3-BF4B-00C04F79EFBC}") = "VerificaIMC.Droid", "VerificaIMC\VerificaIMC.Droid\VerificaIMC.Droid.csproj", "{D9C55E71-C14A-444A-919E-29B4788063BF}"
EndProject
Project("{FAE04EC0-301F-11D3-BF4B-00C04F79EFBC}") = "VerificaIMC.iOS", "VerificaIMC\VerificaIMC.iOS\VerificaIMC.iOS.csproj", "{DD3E698E-1049-4AAF-85ED-408121846928}"
EndProject
Project("{FAE04EC0-301F-11D3-BF4B-00C04F79EFBC}") = "VerificaIMC.WinPhone", "VerificaIMC\VerificaIMC.WinPhone\VerificaIMC.WinPhone.csproj", "{14B0A9AE-3BF9-4A4A-A05E-705A5D0C8E7F}"
EndProject
Project("{FAE04EC0-301F-11D3-BF4B-00C04F79EFBC}") = "VerificaIMC.UWP", "VerificaIMC\VerificaIMC.UWP\VerificaIMC.UWP.csproj", "{F2A3BD05-A1E7-4136-9EF4-C14F167827FD}"
EndProject
Global
	GlobalSection(SolutionConfigurationPlatforms) = preSolution
		Ad-Hoc|Any CPU = Ad-Hoc|Any CPU
		Ad-Hoc|ARM = Ad-Hoc|ARM
		Ad-Hoc|iPhone = Ad-Hoc|iPhone
		Ad-Hoc|iPhoneSimulator = Ad-Hoc|iPhoneSimulator
		Ad-Hoc|x64 = Ad-Hoc|x64
		Ad-Hoc|x86 = Ad-Hoc|x86
		AppStore|Any CPU = AppStore|Any CPU
		AppStore|ARM = AppStore|ARM
		AppStore|iPhone = AppStore|iPhone
		AppStore|iPhoneSimulator = AppStore|iPhoneSimulator
		AppStore|x64 = AppStore|x64
		AppStore|x86 = AppStore|x86
		Debug|Any CPU = Debug|Any CPU
		Debug|ARM = Debug|ARM
		Debug|iPhone = Debug|iPhone
		Debug|iPhoneSimulator = Debug|iPhoneSimulator
		Debug|x64 = Debug|x64
		Debug|x86 = Debug|x86
		Release|Any CPU = Release|Any CPU
		Release|ARM = Release|ARM
		Release|iPhone = Release|iPhone
		Release|iPhoneSimulator = Release|iPhoneSimulator
		Release|x64 = Release|x64
		Release|x86 = Release|x86
	EndGlobalSection
	GlobalSection(ProjectConfigurationPlatforms) = postSolution
		{BEE2593A-8B10-47EC-897D-4F3B097D7168}.Ad-Hoc|Any CPU.ActiveCfg = Release|Any CPU
		{BEE2593A-8B10-47EC-897D-4F3B097D7168}.Ad-Hoc|Any CPU.Build.0 = Release|Any CPU
		{BEE2593A-8B10-47EC-897D-4F3B097D7168}.Ad-Hoc|ARM.ActiveCfg = Release|Any CPU
		{BEE2593A-8B10-47EC-897D-4F3B097D7168}.Ad-Hoc|ARM.Build.0 = Release|Any CPU
		{BEE2593A-8B10-47EC-897D-4F3B097D7168}.Ad-Hoc|iPhone.ActiveCfg = Release|Any CPU
		{BEE2593A-8B10-47EC-897D-4F3B097D7168}.Ad-Hoc|iPhone.Build.0 = Release|Any CPU
		{BEE2593A-8B10-47EC-897D-4F3B097D7168}.Ad-Hoc|iPhoneSimulator.ActiveCfg = Release|Any CPU
		{BEE2593A-8B10-47EC-897D-4F3B097D7168}.Ad-Hoc|iPhoneSimulator.Build.0 = Release|Any CPU
		{BEE2593A-8B10-47EC-897D-4F3B097D7168}.Ad-Hoc|x64.ActiveCfg = Release|Any CPU
		{BEE2593A-8B10-47EC-897D-4F3B097D7168}.Ad-Hoc|x64.Build.0 = Release|Any CPU
		{BEE2593A-8B10-47EC-897D-4F3B097D7168}.Ad-Hoc|x86.ActiveCfg = Release|Any CPU
		{BEE2593A-8B10-47EC-897D-4F3B097D7168}.Ad-Hoc|x86.Build.0 = Release|Any CPU
		{BEE2593A-8B10-47EC-897D-4F3B097D7168}.AppStore|Any CPU.ActiveCfg = Release|Any CPU
		{BEE2593A-8B10-47EC-897D-4F3B097D7168}.AppStore|Any CPU.Build.0 = Release|Any CPU
		{BEE2593A-8B10-47EC-897D-4F3B097D7168}.AppStore|ARM.ActiveCfg = Release|Any CPU
		{BEE2593A-8B10-47EC-897D-4F3B097D7168}.AppStore|ARM.Build.0 = Release|Any CPU
		{BEE2593A-8B10-47EC-897D-4F3B097D7168}.AppStore|iPhone.ActiveCfg = Release|Any CPU
		{BEE2593A-8B10-47EC-897D-4F3B097D7168}.AppStore|iPhone.Build.0 = Release|Any CPU
		{BEE2593A-8B10-47EC-897D-4F3B097D7168}.AppStore|iPhoneSimulator.ActiveCfg = Release|Any CPU
		{BEE2593A-8B10-47EC-897D-4F3B097D7168}.AppStore|iPhoneSimulator.Build.0 = Release|Any CPU
		{BEE2593A-8B10-47EC-897D-4F3B097D7168}.AppStore|x64.ActiveCfg = Release|Any CPU
		{BEE2593A-8B10-47EC-897D-4F3B097D7168}.AppStore|x64.Build.0 = Release|Any CPU
		{BEE2593A-8B10-47EC-897D-4F3B097D7168}.AppStore|x86.ActiveCfg = Release|Any CPU
		{BEE2593A-8B10-47EC-897D-4F3B097D7168}.AppStore|x86.Build.0 = Release|Any CPU
		{BEE2593A-8B10-47EC-897D-4F3B097D7168}.Debug|Any CPU.ActiveCfg = Debug|Any CPU
		{BEE2593A-8B10-47EC-897D-4F3B097D7168}.Debug|Any CPU.Build.0 = Debug|Any CPU
		{BEE2593A-8B10-47EC-897D-4F3B097D7168}.Debug|ARM.ActiveCfg = Debug|Any CPU
		{BEE2593A-8B10-47EC-897D-4F3B097D7168}.Debug|ARM.Build.0 = Debug|Any CPU
		{BEE2593A-8B10-47EC-897D-4F3B097D7168}.Debug|iPhone.ActiveCfg = Debug|Any CPU
		{BEE2593A-8B10-47EC-897D-4F3B097D7168}.Debug|iPhone.Build.0 = Debug|Any CPU
		{BEE2593A-8B10-47EC-897D-4F3B097D7168}.Debug|iPhoneSimulator.ActiveCfg = Debug|Any CPU
		{BEE2593A-8B10-47EC-897D-4F3B097D7168}.Debug|iPhoneSimulator.Build.0 = Debug|Any CPU
		{BEE2593A-8B10-47EC-897D-4F3B097D7168}.Debug|x64.ActiveCfg = Debug|Any CPU
		{BEE2593A-8B10-47EC-897D-4F3B097D7168}.Debug|x64.Build.0 = Debug|Any CPU
		{BEE2593A-8B10-47EC-897D-4F3B097D7168}.Debug|x86.ActiveCfg = Debug|Any CPU
		{BEE2593A-8B10-47EC-897D-4F3B097D7168}.Debug|x86.Build.0 = Debug|Any CPU
		{BEE2593A-8B10-47EC-897D-4F3B097D7168}.Release|Any CPU.ActiveCfg = Release|Any CPU
		{BEE2593A-8B10-47EC-897D-4F3B097D7168}.Release|Any CPU.Build.0 = Release|Any CPU
		{BEE2593A-8B10-47EC-897D-4F3B097D7168}.Release|ARM.ActiveCfg = Release|Any CPU
		{BEE2593A-8B10-47EC-897D-4F3B097D7168}.Release|ARM.Build.0 = Release|Any CPU
		{BEE2593A-8B10-47EC-897D-4F3B097D7168}.Release|iPhone.ActiveCfg = Release|Any CPU
		{BEE2593A-8B10-47EC-897D-4F3B097D7168}.Release|iPhone.Build.0 = Release|Any CPU
		{BEE2593A-8B10-47EC-897D-4F3B097D7168}.Release|iPhoneSimulator.ActiveCfg = Release|Any CPU
		{BEE2593A-8B10-47EC-897D-4F3B097D7168}.Release|iPhoneSimulator.Build.0 = Release|Any CPU
		{BEE2593A-8B10-47EC-897D-4F3B097D7168}.Release|x64.ActiveCfg = Release|Any CPU
		{BEE2593A-8B10-47EC-897D-4F3B097D7168}.Release|x64.Build.0 = Release|Any CPU
		{BEE2593A-8B10-47EC-897D-4F3B097D7168}.Release|x86.ActiveCfg = Release|Any CPU
		{BEE2593A-8B10-47EC-897D-4F3B097D7168}.Release|x86.Build.0 = Release|Any CPU
		{D9C55E71-C14A-444A-919E-29B4788063BF}.Ad-Hoc|Any CPU.ActiveCfg = Release|Any CPU
		{D9C55E71-C14A-444A-919E-29B4788063BF}.Ad-Hoc|Any CPU.Build.0 = Release|Any CPU
		{D9C55E71-C14A-444A-919E-29B4788063BF}.Ad-Hoc|Any CPU.Deploy.0 = Release|Any CPU
		{D9C55E71-C14A-444A-919E-29B4788063BF}.Ad-Hoc|ARM.ActiveCfg = Release|Any CPU
		{D9C55E71-C14A-444A-919E-29B4788063BF}.Ad-Hoc|ARM.Build.0 = Release|Any CPU
		{D9C55E71-C14A-444A-919E-29B4788063BF}.Ad-Hoc|ARM.Deploy.0 = Release|Any CPU
		{D9C55E71-C14A-444A-919E-29B4788063BF}.Ad-Hoc|iPhone.ActiveCfg = Release|Any CPU
		{D9C55E71-C14A-444A-919E-29B4788063BF}.Ad-Hoc|iPhone.Build.0 = Release|Any CPU
		{D9C55E71-C14A-444A-919E-29B4788063BF}.Ad-Hoc|iPhone.Deploy.0 = Release|Any CPU
		{D9C55E71-C14A-444A-919E-29B4788063BF}.Ad-Hoc|iPhoneSimulator.ActiveCfg = Release|Any CPU
		{D9C55E71-C14A-444A-919E-29B4788063BF}.Ad-Hoc|iPhoneSimulator.Build.0 = Release|Any CPU
		{D9C55E71-C14A-444A-919E-29B4788063BF}.Ad-Hoc|iPhoneSimulator.Deploy.0 = Release|Any CPU
		{D9C55E71-C14A-444A-919E-29B4788063BF}.Ad-Hoc|x64.ActiveCfg = Release|Any CPU
		{D9C55E71-C14A-444A-919E-29B4788063BF}.Ad-Hoc|x64.Build.0 = Release|Any CPU
		{D9C55E71-C14A-444A-919E-29B4788063BF}.Ad-Hoc|x64.Deploy.0 = Release|Any CPU
		{D9C55E71-C14A-444A-919E-29B4788063BF}.Ad-Hoc|x86.ActiveCfg = Release|Any CPU
		{D9C55E71-C14A-444A-919E-29B4788063BF}.Ad-Hoc|x86.Build.0 = Release|Any CPU
		{D9C55E71-C14A-444A-919E-29B4788063BF}.Ad-Hoc|x86.Deploy.0 = Release|Any CPU
		{D9C55E71-C14A-444A-919E-29B4788063BF}.AppStore|Any CPU.ActiveCfg = Release|Any CPU
		{D9C55E71-C14A-444A-919E-29B4788063BF}.AppStore|Any CPU.Build.0 = Release|Any CPU
		{D9C55E71-C14A-444A-919E-29B4788063BF}.AppStore|Any CPU.Deploy.0 = Release|Any CPU
		{D9C55E71-C14A-444A-919E-29B4788063BF}.AppStore|ARM.ActiveCfg = Release|Any CPU
		{D9C55E71-C14A-444A-919E-29B4788063BF}.AppStore|ARM.Build.0 = Release|Any CPU
		{D9C55E71-C14A-444A-919E-29B4788063BF}.AppStore|ARM.Deploy.0 = Release|Any CPU
		{D9C55E71-C14A-444A-919E-29B4788063BF}.AppStore|iPhone.ActiveCfg = Release|Any CPU
		{D9C55E71-C14A-444A-919E-29B4788063BF}.AppStore|iPhone.Build.0 = Release|Any CPU
		{D9C55E71-C14A-444A-919E-29B4788063BF}.AppStore|iPhone.Deploy.0 = Release|Any CPU
		{D9C55E71-C14A-444A-919E-29B4788063BF}.AppStore|iPhoneSimulator.ActiveCfg = Release|Any CPU
		{D9C55E71-C14A-444A-919E-29B4788063BF}.AppStore|iPhoneSimulator.Build.0 = Release|Any CPU
		{D9C55E71-C14A-444A-919E-29B4788063BF}.AppStore|iPhoneSimulator.Deploy.0 = Release|Any CPU
		{D9C55E71-C14A-444A-919E-29B4788063BF}.AppStore|x64.ActiveCfg = Release|Any CPU
		{D9C55E71-C14A-444A-919E-29B4788063BF}.AppStore|x64.Build.0 = Release|Any CPU
		{D9C55E71-C14A-444A-919E-29B4788063BF}.AppStore|x64.Deploy.0 = Release|Any CPU
		{D9C55E71-C14A-444A-919E-29B4788063BF}.AppStore|x86.ActiveCfg = Release|Any CPU
		{D9C55E71-C14A-444A-919E-29B4788063BF}.AppStore|x86.Build.0 = Release|Any CPU
		{D9C55E71-C14A-444A-919E-29B4788063BF}.AppStore|x86.Deploy.0 = Release|Any CPU
		{D9C55E71-C14A-444A-919E-29B4788063BF}.Debug|Any CPU.ActiveCfg = Debug|Any CPU
		{D9C55E71-C14A-444A-919E-29B4788063BF}.Debug|Any CPU.Build.0 = Debug|Any CPU
		{D9C55E71-C14A-444A-919E-29B4788063BF}.Debug|Any CPU.Deploy.0 = Debug|Any CPU
		{D9C55E71-C14A-444A-919E-29B4788063BF}.Debug|ARM.ActiveCfg = Debug|Any CPU
		{D9C55E71-C14A-444A-919E-29B4788063BF}.Debug|ARM.Build.0 = Debug|Any CPU
		{D9C55E71-C14A-444A-919E-29B4788063BF}.Debug|ARM.Deploy.0 = Debug|Any CPU
		{D9C55E71-C14A-444A-919E-29B4788063BF}.Debug|iPhone.ActiveCfg = Debug|Any CPU
		{D9C55E71-C14A-444A-919E-29B4788063BF}.Debug|iPhone.Build.0 = Debug|Any CPU
		{D9C55E71-C14A-444A-919E-29B4788063BF}.Debug|iPhone.Deploy.0 = Debug|Any CPU
		{D9C55E71-C14A-444A-919E-29B4788063BF}.Debug|iPhoneSimulator.ActiveCfg = Debug|Any CPU
		{D9C55E71-C14A-444A-919E-29B4788063BF}.Debug|iPhoneSimulator.Build.0 = Debug|Any CPU
		{D9C55E71-C14A-444A-919E-29B4788063BF}.Debug|iPhoneSimulator.Deploy.0 = Debug|Any CPU
		{D9C55E71-C14A-444A-919E-29B4788063BF}.Debug|x64.ActiveCfg = Debug|Any CPU
		{D9C55E71-C14A-444A-919E-29B4788063BF}.Debug|x64.Build.0 = Debug|Any CPU
		{D9C55E71-C14A-444A-919E-29B4788063BF}.Debug|x64.Deploy.0 = Debug|Any CPU
		{D9C55E71-C14A-444A-919E-29B4788063BF}.Debug|x86.ActiveCfg = Debug|Any CPU
		{D9C55E71-C14A-444A-919E-29B4788063BF}.Debug|x86.Build.0 = Debug|Any CPU
		{D9C55E71-C14A-444A-919E-29B4788063BF}.Debug|x86.Deploy.0 = Debug|Any CPU
		{D9C55E71-C14A-444A-919E-29B4788063BF}.Release|Any CPU.ActiveCfg = Release|Any CPU
		{D9C55E71-C14A-444A-919E-29B4788063BF}.Release|Any CPU.Build.0 = Release|Any CPU
		{D9C55E71-C14A-444A-919E-29B4788063BF}.Release|Any CPU.Deploy.0 = Release|Any CPU
		{D9C55E71-C14A-444A-919E-29B4788063BF}.Release|ARM.ActiveCfg = Release|Any CPU
		{D9C55E71-C14A-444A-919E-29B4788063BF}.Release|ARM.Build.0 = Release|Any CPU
		{D9C55E71-C14A-444A-919E-29B4788063BF}.Release|ARM.Deploy.0 = Release|Any CPU
		{D9C55E71-C14A-444A-919E-29B4788063BF}.Release|iPhone.ActiveCfg = Release|Any CPU
		{D9C55E71-C14A-444A-919E-29B4788063BF}.Release|iPhone.Build.0 = Release|Any CPU
		{D9C55E71-C14A-444A-919E-29B4788063BF}.Release|iPhone.Deploy.0 = Release|Any CPU
		{D9C55E71-C14A-444A-919E-29B4788063BF}.Release|iPhoneSimulator.ActiveCfg = Release|Any CPU
		{D9C55E71-C14A-444A-919E-29B4788063BF}.Release|iPhoneSimulator.Build.0 = Release|Any CPU
		{D9C55E71-C14A-444A-919E-29B4788063BF}.Release|iPhoneSimulator.Deploy.0 = Release|Any CPU
		{D9C55E71-C14A-444A-919E-29B4788063BF}.Release|x64.ActiveCfg = Release|Any CPU
		{D9C55E71-C14A-444A-919E-29B4788063BF}.Release|x64.Build.0 = Release|Any CPU
		{D9C55E71-C14A-444A-919E-29B4788063BF}.Release|x64.Deploy.0 = Release|Any CPU
		{D9C55E71-C14A-444A-919E-29B4788063BF}.Release|x86.ActiveCfg = Release|Any CPU
		{D9C55E71-C14A-444A-919E-29B4788063BF}.Release|x86.Build.0 = Release|Any CPU
		{D9C55E71-C14A-444A-919E-29B4788063BF}.Release|x86.Deploy.0 = Release|Any CPU
		{DD3E698E-1049-4AAF-85ED-408121846928}.Ad-Hoc|Any CPU.ActiveCfg = Ad-Hoc|iPhone
		{DD3E698E-1049-4AAF-85ED-408121846928}.Ad-Hoc|ARM.ActiveCfg = Ad-Hoc|iPhone
		{DD3E698E-1049-4AAF-85ED-408121846928}.Ad-Hoc|iPhone.ActiveCfg = Ad-Hoc|iPhone
		{DD3E698E-1049-4AAF-85ED-408121846928}.Ad-Hoc|iPhone.Build.0 = Ad-Hoc|iPhone
		{DD3E698E-1049-4AAF-85ED-408121846928}.Ad-Hoc|iPhoneSimulator.ActiveCfg = Ad-Hoc|iPhoneSimulator
		{DD3E698E-1049-4AAF-85ED-408121846928}.Ad-Hoc|iPhoneSimulator.Build.0 = Ad-Hoc|iPhoneSimulator
		{DD3E698E-1049-4AAF-85ED-408121846928}.Ad-Hoc|x64.ActiveCfg = Ad-Hoc|iPhone
		{DD3E698E-1049-4AAF-85ED-408121846928}.Ad-Hoc|x86.ActiveCfg = Ad-Hoc|iPhone
		{DD3E698E-1049-4AAF-85ED-408121846928}.AppStore|Any CPU.ActiveCfg = AppStore|iPhone
		{DD3E698E-1049-4AAF-85ED-408121846928}.AppStore|ARM.ActiveCfg = AppStore|iPhone
		{DD3E698E-1049-4AAF-85ED-408121846928}.AppStore|iPhone.ActiveCfg = AppStore|iPhone
		{DD3E698E-1049-4AAF-85ED-408121846928}.AppStore|iPhone.Build.0 = AppStore|iPhone
		{DD3E698E-1049-4AAF-85ED-408121846928}.AppStore|iPhoneSimulator.ActiveCfg = AppStore|iPhoneSimulator
		{DD3E698E-1049-4AAF-85ED-408121846928}.AppStore|iPhoneSimulator.Build.0 = AppStore|iPhoneSimulator
		{DD3E698E-1049-4AAF-85ED-408121846928}.AppStore|x64.ActiveCfg = AppStore|iPhone
		{DD3E698E-1049-4AAF-85ED-408121846928}.AppStore|x86.ActiveCfg = AppStore|iPhone
		{DD3E698E-1049-4AAF-85ED-408121846928}.Debug|Any CPU.ActiveCfg = Debug|iPhone
		{DD3E698E-1049-4AAF-85ED-408121846928}.Debug|ARM.ActiveCfg = Debug|iPhone
		{DD3E698E-1049-4AAF-85ED-408121846928}.Debug|iPhone.ActiveCfg = Debug|iPhone
		{DD3E698E-1049-4AAF-85ED-408121846928}.Debug|iPhone.Build.0 = Debug|iPhone
		{DD3E698E-1049-4AAF-85ED-408121846928}.Debug|iPhoneSimulator.ActiveCfg = Debug|iPhoneSimulator
		{DD3E698E-1049-4AAF-85ED-408121846928}.Debug|iPhoneSimulator.Build.0 = Debug|iPhoneSimulator
		{DD3E698E-1049-4AAF-85ED-408121846928}.Debug|x64.ActiveCfg = Debug|iPhone
		{DD3E698E-1049-4AAF-85ED-408121846928}.Debug|x86.ActiveCfg = Debug|iPhone
		{DD3E698E-1049-4AAF-85ED-408121846928}.Release|Any CPU.ActiveCfg = Release|iPhone
		{DD3E698E-1049-4AAF-85ED-408121846928}.Release|ARM.ActiveCfg = Release|iPhone
		{DD3E698E-1049-4AAF-85ED-408121846928}.Release|iPhone.ActiveCfg = Release|iPhone
		{DD3E698E-1049-4AAF-85ED-408121846928}.Release|iPhone.Build.0 = Release|iPhone
		{DD3E698E-1049-4AAF-85ED-408121846928}.Release|iPhoneSimulator.ActiveCfg = Release|iPhoneSimulator
		{DD3E698E-1049-4AAF-85ED-408121846928}.Release|iPhoneSimulator.Build.0 = Release|iPhoneSimulator
		{DD3E698E-1049-4AAF-85ED-408121846928}.Release|x64.ActiveCfg = Release|iPhone
		{DD3E698E-1049-4AAF-85ED-408121846928}.Release|x86.ActiveCfg = Release|iPhone
		{14B0A9AE-3BF9-4A4A-A05E-705A5D0C8E7F}.Ad-Hoc|Any CPU.ActiveCfg = Release|Any CPU
		{14B0A9AE-3BF9-4A4A-A05E-705A5D0C8E7F}.Ad-Hoc|Any CPU.Build.0 = Release|Any CPU
		{14B0A9AE-3BF9-4A4A-A05E-705A5D0C8E7F}.Ad-Hoc|Any CPU.Deploy.0 = Release|Any CPU
		{14B0A9AE-3BF9-4A4A-A05E-705A5D0C8E7F}.Ad-Hoc|ARM.ActiveCfg = Release|ARM
		{14B0A9AE-3BF9-4A4A-A05E-705A5D0C8E7F}.Ad-Hoc|ARM.Build.0 = Release|ARM
		{14B0A9AE-3BF9-4A4A-A05E-705A5D0C8E7F}.Ad-Hoc|ARM.Deploy.0 = Release|ARM
		{14B0A9AE-3BF9-4A4A-A05E-705A5D0C8E7F}.Ad-Hoc|iPhone.ActiveCfg = Release|Any CPU
		{14B0A9AE-3BF9-4A4A-A05E-705A5D0C8E7F}.Ad-Hoc|iPhone.Build.0 = Release|Any CPU
		{14B0A9AE-3BF9-4A4A-A05E-705A5D0C8E7F}.Ad-Hoc|iPhone.Deploy.0 = Release|Any CPU
		{14B0A9AE-3BF9-4A4A-A05E-705A5D0C8E7F}.Ad-Hoc|iPhoneSimulator.ActiveCfg = Release|Any CPU
		{14B0A9AE-3BF9-4A4A-A05E-705A5D0C8E7F}.Ad-Hoc|iPhoneSimulator.Build.0 = Release|Any CPU
		{14B0A9AE-3BF9-4A4A-A05E-705A5D0C8E7F}.Ad-Hoc|iPhoneSimulator.Deploy.0 = Release|Any CPU
		{14B0A9AE-3BF9-4A4A-A05E-705A5D0C8E7F}.Ad-Hoc|x64.ActiveCfg = Release|Any CPU
		{14B0A9AE-3BF9-4A4A-A05E-705A5D0C8E7F}.Ad-Hoc|x64.Build.0 = Release|Any CPU
		{14B0A9AE-3BF9-4A4A-A05E-705A5D0C8E7F}.Ad-Hoc|x64.Deploy.0 = Release|Any CPU
		{14B0A9AE-3BF9-4A4A-A05E-705A5D0C8E7F}.Ad-Hoc|x86.ActiveCfg = Release|x86
		{14B0A9AE-3BF9-4A4A-A05E-705A5D0C8E7F}.Ad-Hoc|x86.Build.0 = Release|x86
		{14B0A9AE-3BF9-4A4A-A05E-705A5D0C8E7F}.Ad-Hoc|x86.Deploy.0 = Release|x86
		{14B0A9AE-3BF9-4A4A-A05E-705A5D0C8E7F}.AppStore|Any CPU.ActiveCfg = Release|Any CPU
		{14B0A9AE-3BF9-4A4A-A05E-705A5D0C8E7F}.AppStore|Any CPU.Build.0 = Release|Any CPU
		{14B0A9AE-3BF9-4A4A-A05E-705A5D0C8E7F}.AppStore|Any CPU.Deploy.0 = Release|Any CPU
		{14B0A9AE-3BF9-4A4A-A05E-705A5D0C8E7F}.AppStore|ARM.ActiveCfg = Release|ARM
		{14B0A9AE-3BF9-4A4A-A05E-705A5D0C8E7F}.AppStore|ARM.Build.0 = Release|ARM
		{14B0A9AE-3BF9-4A4A-A05E-705A5D0C8E7F}.AppStore|ARM.Deploy.0 = Release|ARM
		{14B0A9AE-3BF9-4A4A-A05E-705A5D0C8E7F}.AppStore|iPhone.ActiveCfg = Release|Any CPU
		{14B0A9AE-3BF9-4A4A-A05E-705A5D0C8E7F}.AppStore|iPhone.Build.0 = Release|Any CPU
		{14B0A9AE-3BF9-4A4A-A05E-705A5D0C8E7F}.AppStore|iPhone.Deploy.0 = Release|Any CPU
		{14B0A9AE-3BF9-4A4A-A05E-705A5D0C8E7F}.AppStore|iPhoneSimulator.ActiveCfg = Release|Any CPU
		{14B0A9AE-3BF9-4A4A-A05E-705A5D0C8E7F}.AppStore|iPhoneSimulator.Build.0 = Release|Any CPU
		{14B0A9AE-3BF9-4A4A-A05E-705A5D0C8E7F}.AppStore|iPhoneSimulator.Deploy.0 = Release|Any CPU
		{14B0A9AE-3BF9-4A4A-A05E-705A5D0C8E7F}.AppStore|x64.ActiveCfg = Release|Any CPU
		{14B0A9AE-3BF9-4A4A-A05E-705A5D0C8E7F}.AppStore|x64.Build.0 = Release|Any CPU
		{14B0A9AE-3BF9-4A4A-A05E-705A5D0C8E7F}.AppStore|x64.Deploy.0 = Release|Any CPU
		{14B0A9AE-3BF9-4A4A-A05E-705A5D0C8E7F}.AppStore|x86.ActiveCfg = Release|x86
		{14B0A9AE-3BF9-4A4A-A05E-705A5D0C8E7F}.AppStore|x86.Build.0 = Release|x86
		{14B0A9AE-3BF9-4A4A-A05E-705A5D0C8E7F}.AppStore|x86.Deploy.0 = Release|x86
		{14B0A9AE-3BF9-4A4A-A05E-705A5D0C8E7F}.Debug|Any CPU.ActiveCfg = Debug|Any CPU
		{14B0A9AE-3BF9-4A4A-A05E-705A5D0C8E7F}.Debug|Any CPU.Build.0 = Debug|Any CPU
		{14B0A9AE-3BF9-4A4A-A05E-705A5D0C8E7F}.Debug|Any CPU.Deploy.0 = Debug|Any CPU
		{14B0A9AE-3BF9-4A4A-A05E-705A5D0C8E7F}.Debug|ARM.ActiveCfg = Debug|ARM
		{14B0A9AE-3BF9-4A4A-A05E-705A5D0C8E7F}.Debug|ARM.Build.0 = Debug|ARM
		{14B0A9AE-3BF9-4A4A-A05E-705A5D0C8E7F}.Debug|ARM.Deploy.0 = Debug|ARM
		{14B0A9AE-3BF9-4A4A-A05E-705A5D0C8E7F}.Debug|iPhone.ActiveCfg = Debug|Any CPU
		{14B0A9AE-3BF9-4A4A-A05E-705A5D0C8E7F}.Debug|iPhone.Build.0 = Debug|Any CPU
		{14B0A9AE-3BF9-4A4A-A05E-705A5D0C8E7F}.Debug|iPhone.Deploy.0 = Debug|Any CPU
		{14B0A9AE-3BF9-4A4A-A05E-705A5D0C8E7F}.Debug|iPhoneSimulator.ActiveCfg = Debug|Any CPU
		{14B0A9AE-3BF9-4A4A-A05E-705A5D0C8E7F}.Debug|iPhoneSimulator.Build.0 = Debug|Any CPU
		{14B0A9AE-3BF9-4A4A-A05E-705A5D0C8E7F}.Debug|iPhoneSimulator.Deploy.0 = Debug|Any CPU
		{14B0A9AE-3BF9-4A4A-A05E-705A5D0C8E7F}.Debug|x64.ActiveCfg = Debug|Any CPU
		{14B0A9AE-3BF9-4A4A-A05E-705A5D0C8E7F}.Debug|x64.Build.0 = Debug|Any CPU
		{14B0A9AE-3BF9-4A4A-A05E-705A5D0C8E7F}.Debug|x64.Deploy.0 = Debug|Any CPU
		{14B0A9AE-3BF9-4A4A-A05E-705A5D0C8E7F}.Debug|x86.ActiveCfg = Debug|x86
		{14B0A9AE-3BF9-4A4A-A05E-705A5D0C8E7F}.Debug|x86.Build.0 = Debug|x86
		{14B0A9AE-3BF9-4A4A-A05E-705A5D0C8E7F}.Debug|x86.Deploy.0 = Debug|x86
		{14B0A9AE-3BF9-4A4A-A05E-705A5D0C8E7F}.Release|Any CPU.ActiveCfg = Release|Any CPU
		{14B0A9AE-3BF9-4A4A-A05E-705A5D0C8E7F}.Release|Any CPU.Build.0 = Release|Any CPU
		{14B0A9AE-3BF9-4A4A-A05E-705A5D0C8E7F}.Release|Any CPU.Deploy.0 = Release|Any CPU
		{14B0A9AE-3BF9-4A4A-A05E-705A5D0C8E7F}.Release|ARM.ActiveCfg = Release|ARM
		{14B0A9AE-3BF9-4A4A-A05E-705A5D0C8E7F}.Release|ARM.Build.0 = Release|ARM
		{14B0A9AE-3BF9-4A4A-A05E-705A5D0C8E7F}.Release|ARM.Deploy.0 = Release|ARM
		{14B0A9AE-3BF9-4A4A-A05E-705A5D0C8E7F}.Release|iPhone.ActiveCfg = Release|Any CPU
		{14B0A9AE-3BF9-4A4A-A05E-705A5D0C8E7F}.Release|iPhone.Build.0 = Release|Any CPU
		{14B0A9AE-3BF9-4A4A-A05E-705A5D0C8E7F}.Release|iPhone.Deploy.0 = Release|Any CPU
		{14B0A9AE-3BF9-4A4A-A05E-705A5D0C8E7F}.Release|iPhoneSimulator.ActiveCfg = Release|Any CPU
		{14B0A9AE-3BF9-4A4A-A05E-705A5D0C8E7F}.Release|iPhoneSimulator.Build.0 = Release|Any CPU
		{14B0A9AE-3BF9-4A4A-A05E-705A5D0C8E7F}.Release|iPhoneSimulator.Deploy.0 = Release|Any CPU
		{14B0A9AE-3BF9-4A4A-A05E-705A5D0C8E7F}.Release|x64.ActiveCfg = Release|Any CPU
		{14B0A9AE-3BF9-4A4A-A05E-705A5D0C8E7F}.Release|x64.Build.0 = Release|Any CPU
		{14B0A9AE-3BF9-4A4A-A05E-705A5D0C8E7F}.Release|x64.Deploy.0 = Release|Any CPU
		{14B0A9AE-3BF9-4A4A-A05E-705A5D0C8E7F}.Release|x86.ActiveCfg = Release|x86
		{14B0A9AE-3BF9-4A4A-A05E-705A5D0C8E7F}.Release|x86.Build.0 = Release|x86
		{14B0A9AE-3BF9-4A4A-A05E-705A5D0C8E7F}.Release|x86.Deploy.0 = Release|x86
		{F2A3BD05-A1E7-4136-9EF4-C14F167827FD}.Ad-Hoc|Any CPU.ActiveCfg = Release|x86
		{F2A3BD05-A1E7-4136-9EF4-C14F167827FD}.Ad-Hoc|Any CPU.Build.0 = Release|x86
		{F2A3BD05-A1E7-4136-9EF4-C14F167827FD}.Ad-Hoc|Any CPU.Deploy.0 = Release|x86
		{F2A3BD05-A1E7-4136-9EF4-C14F167827FD}.Ad-Hoc|ARM.ActiveCfg = Release|ARM
		{F2A3BD05-A1E7-4136-9EF4-C14F167827FD}.Ad-Hoc|ARM.Build.0 = Release|ARM
		{F2A3BD05-A1E7-4136-9EF4-C14F167827FD}.Ad-Hoc|ARM.Deploy.0 = Release|ARM
		{F2A3BD05-A1E7-4136-9EF4-C14F167827FD}.Ad-Hoc|iPhone.ActiveCfg = Release|x86
		{F2A3BD05-A1E7-4136-9EF4-C14F167827FD}.Ad-Hoc|iPhone.Build.0 = Release|x86
		{F2A3BD05-A1E7-4136-9EF4-C14F167827FD}.Ad-Hoc|iPhone.Deploy.0 = Release|x86
		{F2A3BD05-A1E7-4136-9EF4-C14F167827FD}.Ad-Hoc|iPhoneSimulator.ActiveCfg = Release|x86
		{F2A3BD05-A1E7-4136-9EF4-C14F167827FD}.Ad-Hoc|iPhoneSimulator.Build.0 = Release|x86
		{F2A3BD05-A1E7-4136-9EF4-C14F167827FD}.Ad-Hoc|iPhoneSimulator.Deploy.0 = Release|x86
		{F2A3BD05-A1E7-4136-9EF4-C14F167827FD}.Ad-Hoc|x64.ActiveCfg = Release|x64
		{F2A3BD05-A1E7-4136-9EF4-C14F167827FD}.Ad-Hoc|x64.Build.0 = Release|x64
		{F2A3BD05-A1E7-4136-9EF4-C14F167827FD}.Ad-Hoc|x64.Deploy.0 = Release|x64
		{F2A3BD05-A1E7-4136-9EF4-C14F167827FD}.Ad-Hoc|x86.ActiveCfg = Release|x86
		{F2A3BD05-A1E7-4136-9EF4-C14F167827FD}.Ad-Hoc|x86.Build.0 = Release|x86
		{F2A3BD05-A1E7-4136-9EF4-C14F167827FD}.Ad-Hoc|x86.Deploy.0 = Release|x86
		{F2A3BD05-A1E7-4136-9EF4-C14F167827FD}.AppStore|Any CPU.ActiveCfg = Release|x86
		{F2A3BD05-A1E7-4136-9EF4-C14F167827FD}.AppStore|Any CPU.Build.0 = Release|x86
		{F2A3BD05-A1E7-4136-9EF4-C14F167827FD}.AppStore|Any CPU.Deploy.0 = Release|x86
		{F2A3BD05-A1E7-4136-9EF4-C14F167827FD}.AppStore|ARM.ActiveCfg = Release|ARM
		{F2A3BD05-A1E7-4136-9EF4-C14F167827FD}.AppStore|ARM.Build.0 = Release|ARM
		{F2A3BD05-A1E7-4136-9EF4-C14F167827FD}.AppStore|ARM.Deploy.0 = Release|ARM
		{F2A3BD05-A1E7-4136-9EF4-C14F167827FD}.AppStore|iPhone.ActiveCfg = Release|x86
		{F2A3BD05-A1E7-4136-9EF4-C14F167827FD}.AppStore|iPhone.Build.0 = Release|x86
		{F2A3BD05-A1E7-4136-9EF4-C14F167827FD}.AppStore|iPhone.Deploy.0 = Release|x86
		{F2A3BD05-A1E7-4136-9EF4-C14F167827FD}.AppStore|iPhoneSimulator.ActiveCfg = Release|x86
		{F2A3BD05-A1E7-4136-9EF4-C14F167827FD}.AppStore|iPhoneSimulator.Build.0 = Release|x86
		{F2A3BD05-A1E7-4136-9EF4-C14F167827FD}.AppStore|iPhoneSimulator.Deploy.0 = Release|x86
		{F2A3BD05-A1E7-4136-9EF4-C14F167827FD}.AppStore|x64.ActiveCfg = Release|x64
		{F2A3BD05-A1E7-4136-9EF4-C14F167827FD}.AppStore|x64.Build.0 = Release|x64
		{F2A3BD05-A1E7-4136-9EF4-C14F167827FD}.AppStore|x64.Deploy.0 = Release|x64
		{F2A3BD05-A1E7-4136-9EF4-C14F167827FD}.AppStore|x86.ActiveCfg = Release|x86
		{F2A3BD05-A1E7-4136-9EF4-C14F167827FD}.AppStore|x86.Build.0 = Release|x86
		{F2A3BD05-A1E7-4136-9EF4-C14F167827FD}.AppStore|x86.Deploy.0 = Release|x86
		{F2A3BD05-A1E7-4136-9EF4-C14F167827FD}.Debug|Any CPU.ActiveCfg = Debug|x86
		{F2A3BD05-A1E7-4136-9EF4-C14F167827FD}.Debug|ARM.ActiveCfg = Debug|ARM
		{F2A3BD05-A1E7-4136-9EF4-C14F167827FD}.Debug|ARM.Build.0 = Debug|ARM
		{F2A3BD05-A1E7-4136-9EF4-C14F167827FD}.Debug|ARM.Deploy.0 = Debug|ARM
		{F2A3BD05-A1E7-4136-9EF4-C14F167827FD}.Debug|iPhone.ActiveCfg = Debug|x86
		{F2A3BD05-A1E7-4136-9EF4-C14F167827FD}.Debug|iPhoneSimulator.ActiveCfg = Debug|x86
		{F2A3BD05-A1E7-4136-9EF4-C14F167827FD}.Debug|x64.ActiveCfg = Debug|x64
		{F2A3BD05-A1E7-4136-9EF4-C14F167827FD}.Debug|x64.Build.0 = Debug|x64
		{F2A3BD05-A1E7-4136-9EF4-C14F167827FD}.Debug|x64.Deploy.0 = Debug|x64
		{F2A3BD05-A1E7-4136-9EF4-C14F167827FD}.Debug|x86.ActiveCfg = Debug|x86
		{F2A3BD05-A1E7-4136-9EF4-C14F167827FD}.Debug|x86.Build.0 = Debug|x86
		{F2A3BD05-A1E7-4136-9EF4-C14F167827FD}.Debug|x86.Deploy.0 = Debug|x86
		{F2A3BD05-A1E7-4136-9EF4-C14F167827FD}.Release|Any CPU.ActiveCfg = Release|x86
		{F2A3BD05-A1E7-4136-9EF4-C14F167827FD}.Release|ARM.ActiveCfg = Release|ARM
		{F2A3BD05-A1E7-4136-9EF4-C14F167827FD}.Release|ARM.Build.0 = Release|ARM
		{F2A3BD05-A1E7-4136-9EF4-C14F167827FD}.Release|ARM.Deploy.0 = Release|ARM
		{F2A3BD05-A1E7-4136-9EF4-C14F167827FD}.Release|iPhone.ActiveCfg = Release|x86
		{F2A3BD05-A1E7-4136-9EF4-C14F167827FD}.Release|iPhoneSimulator.ActiveCfg = Release|x86
		{F2A3BD05-A1E7-4136-9EF4-C14F167827FD}.Release|x64.ActiveCfg = Release|x64
		{F2A3BD05-A1E7-4136-9EF4-C14F167827FD}.Release|x64.Build.0 = Release|x64
		{F2A3BD05-A1E7-4136-9EF4-C14F167827FD}.Release|x64.Deploy.0 = Release|x64
		{F2A3BD05-A1E7-4136-9EF4-C14F167827FD}.Release|x86.ActiveCfg = Release|x86
		{F2A3BD05-A1E7-4136-9EF4-C14F167827FD}.Release|x86.Build.0 = Release|x86
		{F2A3BD05-A1E7-4136-9EF4-C14F167827FD}.Release|x86.Deploy.0 = Release|x86
	EndGlobalSection
	GlobalSection(SolutionProperties) = preSolution
		HideSolutionNode = FALSE
	EndGlobalSection
EndGlobal
